
Microsoft Visual Studio Solution File, Format Version 12.00
# Visual Studio 15
VisualStudioVersion = 15.0.26124.0
MinimumVisualStudioVersion = 15.0.26124.0
Project("{2150E333-8FDC-42A3-9474-1A3956D46DE8}") = "src", "src", "{D786E483-6C72-431A-B5F7-9BE9D5B7FBDA}"
EndProject
Project("{FAE04EC0-301F-11D3-BF4B-00C04F79EFBC}") = "IdentityServer", "src\IdentityServer\IdentityServer.csproj", "{5DB06AAA-FF9D-4D32-8162-4996B7046096}"
EndProject
Project("{FAE04EC0-301F-11D3-BF4B-00C04F79EFBC}") = "Api", "src\Api\Api.csproj", "{A64330E9-707C-465D-B167-078F1C6FE344}"
EndProject
Project("{FAE04EC0-301F-11D3-BF4B-00C04F79EFBC}") = "Client", "src\Client\Client.csproj", "{7AF64B8C-A616-4456-8A50-2278FB48B093}"
EndProject
Project("{FAE04EC0-301F-11D3-BF4B-00C04F79EFBC}") = "MvcClient", "src\MvcClient\MvcClient.csproj", "{3C96BDA4-0C2A-4AD6-B4A0-71BECEE5E579}"
EndProject
Global
	GlobalSection(SolutionConfigurationPlatforms) = preSolution
		Debug|Any CPU = Debug|Any CPU
		Debug|x64 = Debug|x64
		Debug|x86 = Debug|x86
		Release|Any CPU = Release|Any CPU
		Release|x64 = Release|x64
		Release|x86 = Release|x86
	EndGlobalSection
	GlobalSection(SolutionProperties) = preSolution
		HideSolutionNode = FALSE
	EndGlobalSection
	GlobalSection(ProjectConfigurationPlatforms) = postSolution
		{5DB06AAA-FF9D-4D32-8162-4996B7046096}.Debug|Any CPU.ActiveCfg = Debug|Any CPU
		{5DB06AAA-FF9D-4D32-8162-4996B7046096}.Debug|Any CPU.Build.0 = Debug|Any CPU
		{5DB06AAA-FF9D-4D32-8162-4996B7046096}.Debug|x64.ActiveCfg = Debug|Any CPU
		{5DB06AAA-FF9D-4D32-8162-4996B7046096}.Debug|x64.Build.0 = Debug|Any CPU
		{5DB06AAA-FF9D-4D32-8162-4996B7046096}.Debug|x86.ActiveCfg = Debug|Any CPU
		{5DB06AAA-FF9D-4D32-8162-4996B7046096}.Debug|x86.Build.0 = Debug|Any CPU
		{5DB06AAA-FF9D-4D32-8162-4996B7046096}.Release|Any CPU.ActiveCfg = Release|Any CPU
		{5DB06AAA-FF9D-4D32-8162-4996B7046096}.Release|Any CPU.Build.0 = Release|Any CPU
		{5DB06AAA-FF9D-4D32-8162-4996B7046096}.Release|x64.ActiveCfg = Release|Any CPU
		{5DB06AAA-FF9D-4D32-8162-4996B7046096}.Release|x64.Build.0 = Release|Any CPU
		{5DB06AAA-FF9D-4D32-8162-4996B7046096}.Release|x86.ActiveCfg = Release|Any CPU
		{5DB06AAA-FF9D-4D32-8162-4996B7046096}.Release|x86.Build.0 = Release|Any CPU
		{A64330E9-707C-465D-B167-078F1C6FE344}.Debug|Any CPU.ActiveCfg = Debug|Any CPU
		{A64330E9-707C-465D-B167-078F1C6FE344}.Debug|Any CPU.Build.0 = Debug|Any CPU
		{A64330E9-707C-465D-B167-078F1C6FE344}.Debug|x64.ActiveCfg = Debug|Any CPU
		{A64330E9-707C-465D-B167-078F1C6FE344}.Debug|x64.Build.0 = Debug|Any CPU
		{A64330E9-707C-465D-B167-078F1C6FE344}.Debug|x86.ActiveCfg = Debug|Any CPU
		{A64330E9-707C-465D-B167-078F1C6FE344}.Debug|x86.Build.0 = Debug|Any CPU
		{A64330E9-707C-465D-B167-078F1C6FE344}.Release|Any CPU.ActiveCfg = Release|Any CPU
		{A64330E9-707C-465D-B167-078F1C6FE344}.Release|Any CPU.Build.0 = Release|Any CPU
		{A64330E9-707C-465D-B167-078F1C6FE344}.Release|x64.ActiveCfg = Release|Any CPU
		{A64330E9-707C-465D-B167-078F1C6FE344}.Release|x64.Build.0 = Release|Any CPU
		{A64330E9-707C-465D-B167-078F1C6FE344}.Release|x86.ActiveCfg = Release|Any CPU
		{A64330E9-707C-465D-B167-078F1C6FE344}.Release|x86.Build.0 = Release|Any CPU
		{7AF64B8C-A616-4456-8A50-2278FB48B093}.Debug|Any CPU.ActiveCfg = Debug|Any CPU
		{7AF64B8C-A616-4456-8A50-2278FB48B093}.Debug|Any CPU.Build.0 = Debug|Any CPU
		{7AF64B8C-A616-4456-8A50-2278FB48B093}.Debug|x64.ActiveCfg = Debug|Any CPU
		{7AF64B8C-A616-4456-8A50-2278FB48B093}.Debug|x64.Build.0 = Debug|Any CPU
		{7AF64B8C-A616-4456-8A50-2278FB48B093}.Debug|x86.ActiveCfg = Debug|Any CPU
		{7AF64B8C-A616-4456-8A50-2278FB48B093}.Debug|x86.Build.0 = Debug|Any CPU
		{7AF64B8C-A616-4456-8A50-2278FB48B093}.Release|Any CPU.ActiveCfg = Release|Any CPU
		{7AF64B8C-A616-4456-8A50-2278FB48B093}.Release|Any CPU.Build.0 = Release|Any CPU
		{7AF64B8C-A616-4456-8A50-2278FB48B093}.Release|x64.ActiveCfg = Release|Any CPU
		{7AF64B8C-A616-4456-8A50-2278FB48B093}.Release|x64.Build.0 = Release|Any CPU
		{7AF64B8C-A616-4456-8A50-2278FB48B093}.Release|x86.ActiveCfg = Release|Any CPU
		{7AF64B8C-A616-4456-8A50-2278FB48B093}.Release|x86.Build.0 = Release|Any CPU
		{3C96BDA4-0C2A-4AD6-B4A0-71BECEE5E579}.Debug|Any CPU.ActiveCfg = Debug|Any CPU
		{3C96BDA4-0C2A-4AD6-B4A0-71BECEE5E579}.Debug|Any CPU.Build.0 = Debug|Any CPU
		{3C96BDA4-0C2A-4AD6-B4A0-71BECEE5E579}.Debug|x64.ActiveCfg = Debug|Any CPU
		{3C96BDA4-0C2A-4AD6-B4A0-71BECEE5E579}.Debug|x64.Build.0 = Debug|Any CPU
		{3C96BDA4-0C2A-4AD6-B4A0-71BECEE5E579}.Debug|x86.ActiveCfg = Debug|Any CPU
		{3C96BDA4-0C2A-4AD6-B4A0-71BECEE5E579}.Debug|x86.Build.0 = Debug|Any CPU
		{3C96BDA4-0C2A-4AD6-B4A0-71BECEE5E579}.Release|Any CPU.ActiveCfg = Release|Any CPU
		{3C96BDA4-0C2A-4AD6-B4A0-71BECEE5E579}.Release|Any CPU.Build.0 = Release|Any CPU
		{3C96BDA4-0C2A-4AD6-B4A0-71BECEE5E579}.Release|x64.ActiveCfg = Release|Any CPU
		{3C96BDA4-0C2A-4AD6-B4A0-71BECEE5E579}.Release|x64.Build.0 = Release|Any CPU
		{3C96BDA4-0C2A-4AD6-B4A0-71BECEE5E579}.Release|x86.ActiveCfg = Release|Any CPU
		{3C96BDA4-0C2A-4AD6-B4A0-71BECEE5E579}.Release|x86.Build.0 = Release|Any CPU
	EndGlobalSection
	GlobalSection(NestedProjects) = preSolution
		{5DB06AAA-FF9D-4D32-8162-4996B7046096} = {D786E483-6C72-431A-B5F7-9BE9D5B7FBDA}
		{A64330E9-707C-465D-B167-078F1C6FE344} = {D786E483-6C72-431A-B5F7-9BE9D5B7FBDA}
		{7AF64B8C-A616-4456-8A50-2278FB48B093} = {D786E483-6C72-431A-B5F7-9BE9D5B7FBDA}
		{3C96BDA4-0C2A-4AD6-B4A0-71BECEE5E579} = {D786E483-6C72-431A-B5F7-9BE9D5B7FBDA}
	EndGlobalSection
EndGlobal
